PODS:
  - WolfLorem (1.0.4):
    - WolfNumerics
  - WolfNumerics (3.0.0)

DEPENDENCIES:
  - WolfLorem (from `../`)

SPEC REPOS:
  https://github.com/cocoapods/specs.git:
    - WolfNumerics

EXTERNAL SOURCES:
  WolfLorem:
    :path: "../"

SPEC CHECKSUMS:
  WolfLorem: b6e3f9588092104725b61e564a4b57fc6f587f52
  WolfNumerics: 073642f01957a5602df21531e8b2fd31e8b92042

PODFILE CHECKSUM: 80a16a086bd3ce757690fc01d74dfc3e93294c4e

COCOAPODS: 1.6.0.beta.2
