PODS:
  - WolfLorem (1.0.3):
    - WolfNumerics
  - WolfNumerics (1.0.3)

DEPENDENCIES:
  - WolfLorem (from `../`)

SPEC REPOS:
  https://github.com/cocoapods/specs.git:
    - WolfNumerics

EXTERNAL SOURCES:
  WolfLorem:
    :path: "../"

SPEC CHECKSUMS:
  WolfLorem: 3689d71ce1541befbde6963cefe52a5c6b40086c
  WolfNumerics: aac52cdac131f4d54c9f09479156a5cf016ab62f

PODFILE CHECKSUM: 80a16a086bd3ce757690fc01d74dfc3e93294c4e

COCOAPODS: 1.6.0.beta.1
