{
  "object": {
    "pins": [
      {
        "package": "WolfNumerics",
        "repositoryURL": "https://github.com/wolfmcnally/WolfNumerics",
        "state": {
          "branch": null,
          "revision": "40ecf0a68c642dcbe3db4eb8e2c5785da551175e",
          "version": "4.0.4"
        }
      }
    ]
  },
  "version": 1
}
