{
  "object": {
    "pins": [
      {
        "package": "WolfNumerics",
        "repositoryURL": "https://github.com/wolfmcnally/WolfNumerics",
        "state": {
          "branch": null,
          "revision": "fe64757d75bf2a286444e1fc2c7bf297a7a1e3d6",
          "version": "4.0.0"
        }
      }
    ]
  },
  "version": 1
}
